
Microsoft Visual Studio Solution File, Format Version 12.00
# Visual Studio Version 16
VisualStudioVersion = 16.0.31624.102
MinimumVisualStudioVersion = 10.0.40219.1
Project("{FAE04EC0-301F-11D3-BF4B-00C04F79EFBC}") = "EmWebAPIProto", "EmWebAPIProto\EmWebAPIProto.csproj", "{6544859C-FF5E-4082-9282-C71DA6005EFD}"
EndProject
Global
	GlobalSection(SolutionConfigurationPlatforms) = preSolution
		Debug|Any CPU = Debug|Any CPU
		Release|Any CPU = Release|Any CPU
	EndGlobalSection
	GlobalSection(ProjectConfigurationPlatforms) = postSolution
		{6544859C-FF5E-4082-9282-C71DA6005EFD}.Debug|Any CPU.ActiveCfg = Debug|Any CPU
		{6544859C-FF5E-4082-9282-C71DA6005EFD}.Debug|Any CPU.Build.0 = Debug|Any CPU
		{6544859C-FF5E-4082-9282-C71DA6005EFD}.Release|Any CPU.ActiveCfg = Release|Any CPU
		{6544859C-FF5E-4082-9282-C71DA6005EFD}.Release|Any CPU.Build.0 = Release|Any CPU
	EndGlobalSection
	GlobalSection(SolutionProperties) = preSolution
		HideSolutionNode = FALSE
	EndGlobalSection
	GlobalSection(ExtensibilityGlobals) = postSolution
		SolutionGuid = {5534E29C-E8C6-4D37-A702-BD0DD55743E8}
	EndGlobalSection
EndGlobal
